
Microsoft Visual Studio Solution File, Format Version 12.00
# Visual Studio Version 17
VisualStudioVersion = 17.7.34202.233
MinimumVisualStudioVersion = 10.0.40219.1
Project("{FAE04EC0-301F-11D3-BF4B-00C04F79EFBC}") = "footproject", "footproject\footproject.csproj", "{BBD25CE9-F968-4774-A2F4-101A7F58D89E}"
EndProject
Global
	GlobalSection(SolutionConfigurationPlatforms) = preSolution
		Debug|Any CPU = Debug|Any CPU
		Release|Any CPU = Release|Any CPU
	EndGlobalSection
	GlobalSection(ProjectConfigurationPlatforms) = postSolution
		{BBD25CE9-F968-4774-A2F4-101A7F58D89E}.Debug|Any CPU.ActiveCfg = Debug|Any CPU
		{BBD25CE9-F968-4774-A2F4-101A7F58D89E}.Debug|Any CPU.Build.0 = Debug|Any CPU
		{BBD25CE9-F968-4774-A2F4-101A7F58D89E}.Release|Any CPU.ActiveCfg = Release|Any CPU
		{BBD25CE9-F968-4774-A2F4-101A7F58D89E}.Release|Any CPU.Build.0 = Release|Any CPU
	EndGlobalSection
	GlobalSection(SolutionProperties) = preSolution
		HideSolutionNode = FALSE
	EndGlobalSection
	GlobalSection(ExtensibilityGlobals) = postSolution
		SolutionGuid = {CE2E9F66-2D72-4680-BB81-F6155EF6BD78}
	EndGlobalSection
EndGlobal
